// !$*UTF8*$!
{
	archiveVersion = 1;
	classes = {
	};
	objectVersion = 56;
	objects = {

/* Begin PBXBuildFile section */
		2B0DCC9E2C81DA2300EBEA4B /* GoogleService-Info.plist in Resources */ = {isa = PBXBuildFile; fileRef = 2B0DCC9D2C81DA2300EBEA4B /* GoogleService-Info.plist */; };
		F10C70D62A83520A004CC32A /* PreviewSampleData.swift in Sources */ = {isa = PBXBuildFile; fileRef = F10C70D52A83520A004CC32A /* PreviewSampleData.swift */; };
		F1108EB02AB99A4900DBC46D /* ETTransactionDocument.swift in Sources */ = {isa = PBXBuildFile; fileRef = F1108EAF2AB99A4900DBC46D /* ETTransactionDocument.swift */; };
		F111E7A72A70F28100BB81BE /* DateExtension.swift in Sources */ = {isa = PBXBuildFile; fileRef = F111E7A62A70F28100BB81BE /* DateExtension.swift */; };
		F111E7AD2A70F8AF00BB81BE /* ETRupeeView.swift in Sources */ = {isa = PBXBuildFile; fileRef = F111E7AC2A70F8AF00BB81BE /* ETRupeeView.swift */; };
		F111E7AF2A7114F900BB81BE /* CurrencyExtension.swift in Sources */ = {isa = PBXBuildFile; fileRef = F111E7AE2A7114F900BB81BE /* CurrencyExtension.swift */; };
		F111E7B32A71277600BB81BE /* ETMonthCashFlow.swift in Sources */ = {isa = PBXBuildFile; fileRef = F111E7B22A71277600BB81BE /* ETMonthCashFlow.swift */; };
		F11A099F2A6E9EB8005D952D /* ETHomeView.swift in Sources */ = {isa = PBXBuildFile; fileRef = F11A099E2A6E9EB8005D952D /* ETHomeView.swift */; };
		F13FA9C82A7CB7C100AF1921 /* ETMonthView.swift in Sources */ = {isa = PBXBuildFile; fileRef = F13FA9C72A7CB7C100AF1921 /* ETMonthView.swift */; };
		F14B55D42A6A60750001834B /* ExpenseTrackerApp.swift in Sources */ = {isa = PBXBuildFile; fileRef = F14B55D32A6A60750001834B /* ExpenseTrackerApp.swift */; };
		F14B55D62A6A60750001834B /* ETRootContentView.swift in Sources */ = {isa = PBXBuildFile; fileRef = F14B55D52A6A60750001834B /* ETRootContentView.swift */; };
		F14B55D82A6A60750001834B /* Assets.xcassets in Resources */ = {isa = PBXBuildFile; fileRef = F14B55D72A6A60750001834B /* Assets.xcassets */; };
		F14B55DB2A6A60750001834B /* Preview Assets.xcassets in Resources */ = {isa = PBXBuildFile; fileRef = F14B55DA2A6A60750001834B /* Preview Assets.xcassets */; };
		F14B55F02A6A64540001834B /* ETMainTabView.swift in Sources */ = {isa = PBXBuildFile; fileRef = F14B55EF2A6A64540001834B /* ETMainTabView.swift */; };
		F16F1B562AC6F1D2008DB945 /* ETCategorySummary.swift in Sources */ = {isa = PBXBuildFile; fileRef = F16F1B552AC6F1D2008DB945 /* ETCategorySummary.swift */; };
		F19B7F2C2A7F653F00CE49B6 /* ETTransactionsListView.swift in Sources */ = {isa = PBXBuildFile; fileRef = F19B7F2B2A7F653F00CE49B6 /* ETTransactionsListView.swift */; };
		F19B7F2E2A7FB99200CE49B6 /* ETGroupSummary.swift in Sources */ = {isa = PBXBuildFile; fileRef = F19B7F2D2A7FB99200CE49B6 /* ETGroupSummary.swift */; };
		F19B7F302A7FB9E900CE49B6 /* ETCategorySummaryExtension.swift in Sources */ = {isa = PBXBuildFile; fileRef = F19B7F2F2A7FB9E900CE49B6 /* ETCategorySummaryExtension.swift */; };
		F19B7F322A80BD4900CE49B6 /* ETMonthCategorySummaryView.swift in Sources */ = {isa = PBXBuildFile; fileRef = F19B7F312A80BD4900CE49B6 /* ETMonthCategorySummaryView.swift */; };
		F19C0B512AB4549E0058F665 /* ETReportsView.swift in Sources */ = {isa = PBXBuildFile; fileRef = F19C0B502AB4549E0058F665 /* ETReportsView.swift */; };
		F19C0B542AB455EE0058F665 /* ETReportLayout.swift in Sources */ = {isa = PBXBuildFile; fileRef = F19C0B532AB455EE0058F665 /* ETReportLayout.swift */; };
		F1A1A6CD2AB8250C0004DD10 /* ETYearWiseSummary.swift in Sources */ = {isa = PBXBuildFile; fileRef = F1A1A6CC2AB8250C0004DD10 /* ETYearWiseSummary.swift */; };
		F1A1A6CF2AB8288C0004DD10 /* ETYearWiseSummaryView.swift in Sources */ = {isa = PBXBuildFile; fileRef = F1A1A6CE2AB8288C0004DD10 /* ETYearWiseSummaryView.swift */; };
		F1C0EC462AB3192300D004E4 /* ETAddTransactionView.swift in Sources */ = {isa = PBXBuildFile; fileRef = F1C0EC452AB3192300D004E4 /* ETAddTransactionView.swift */; };
		F1CFC34D2AB6DF9000577828 /* ETMonthlyCategoryGroupWiseSpents.swift in Sources */ = {isa = PBXBuildFile; fileRef = F1CFC34C2AB6DF9000577828 /* ETMonthlyCategoryGroupWiseSpents.swift */; };
		F1DBBD602A7B41F7003BF75E /* ETRecentTransactionsView.swift in Sources */ = {isa = PBXBuildFile; fileRef = F1DBBD5F2A7B41F7003BF75E /* ETRecentTransactionsView.swift */; };
		F1DBBD622A7B4A5E003BF75E /* ETTransactionExtension.swift in Sources */ = {isa = PBXBuildFile; fileRef = F1DBBD612A7B4A5E003BF75E /* ETTransactionExtension.swift */; };
		F1DD95482ABB2284008349D3 /* FirebaseAnalytics in Frameworks */ = {isa = PBXBuildFile; productRef = F1DD95472ABB2284008349D3 /* FirebaseAnalytics */; };
		F1DD954A2ABB2284008349D3 /* FirebaseAnalyticsOnDeviceConversion in Frameworks */ = {isa = PBXBuildFile; productRef = F1DD95492ABB2284008349D3 /* FirebaseAnalyticsOnDeviceConversion */; };
		F1DD954C2ABB2284008349D3 /* FirebaseAnalyticsSwift in Frameworks */ = {isa = PBXBuildFile; productRef = F1DD954B2ABB2284008349D3 /* FirebaseAnalyticsSwift */; };
		F1DD954E2ABB2284008349D3 /* FirebaseAnalyticsWithoutAdIdSupport in Frameworks */ = {isa = PBXBuildFile; productRef = F1DD954D2ABB2284008349D3 /* FirebaseAnalyticsWithoutAdIdSupport */; };
		F1DD95502ABB2284008349D3 /* FirebaseAppCheck in Frameworks */ = {isa = PBXBuildFile; productRef = F1DD954F2ABB2284008349D3 /* FirebaseAppCheck */; };
		F1DD95522ABB2284008349D3 /* FirebaseAppDistribution-Beta in Frameworks */ = {isa = PBXBuildFile; productRef = F1DD95512ABB2284008349D3 /* FirebaseAppDistribution-Beta */; };
		F1DD95542ABB2284008349D3 /* FirebaseAuth in Frameworks */ = {isa = PBXBuildFile; productRef = F1DD95532ABB2284008349D3 /* FirebaseAuth */; };
		F1DD95562ABB2284008349D3 /* FirebaseAuthCombine-Community in Frameworks */ = {isa = PBXBuildFile; productRef = F1DD95552ABB2284008349D3 /* FirebaseAuthCombine-Community */; };
		F1DD95582ABB2284008349D3 /* FirebaseCrashlytics in Frameworks */ = {isa = PBXBuildFile; productRef = F1DD95572ABB2284008349D3 /* FirebaseCrashlytics */; };
		F1DD955A2ABB2284008349D3 /* FirebaseDatabase in Frameworks */ = {isa = PBXBuildFile; productRef = F1DD95592ABB2284008349D3 /* FirebaseDatabase */; };
		F1DD955C2ABB2284008349D3 /* FirebaseDatabaseSwift in Frameworks */ = {isa = PBXBuildFile; productRef = F1DD955B2ABB2284008349D3 /* FirebaseDatabaseSwift */; };
		F1DD955E2ABB2284008349D3 /* FirebaseDynamicLinks in Frameworks */ = {isa = PBXBuildFile; productRef = F1DD955D2ABB2284008349D3 /* FirebaseDynamicLinks */; };
		F1DD95602ABB2284008349D3 /* FirebaseFirestore in Frameworks */ = {isa = PBXBuildFile; productRef = F1DD955F2ABB2284008349D3 /* FirebaseFirestore */; };
		F1DD95622ABB2284008349D3 /* FirebaseFirestoreCombine-Community in Frameworks */ = {isa = PBXBuildFile; productRef = F1DD95612ABB2284008349D3 /* FirebaseFirestoreCombine-Community */; };
		F1DD95642ABB2284008349D3 /* FirebaseFirestoreSwift in Frameworks */ = {isa = PBXBuildFile; productRef = F1DD95632ABB2284008349D3 /* FirebaseFirestoreSwift */; };
		F1DD95662ABB2284008349D3 /* FirebaseFunctions in Frameworks */ = {isa = PBXBuildFile; productRef = F1DD95652ABB2284008349D3 /* FirebaseFunctions */; };
		F1DD95682ABB2284008349D3 /* FirebaseFunctionsCombine-Community in Frameworks */ = {isa = PBXBuildFile; productRef = F1DD95672ABB2284008349D3 /* FirebaseFunctionsCombine-Community */; };
		F1DD956A2ABB2284008349D3 /* FirebaseInAppMessaging-Beta in Frameworks */ = {isa = PBXBuildFile; productRef = F1DD95692ABB2284008349D3 /* FirebaseInAppMessaging-Beta */; };
		F1DD956C2ABB2284008349D3 /* FirebaseInAppMessagingSwift-Beta in Frameworks */ = {isa = PBXBuildFile; productRef = F1DD956B2ABB2284008349D3 /* FirebaseInAppMessagingSwift-Beta */; };
		F1DD956E2ABB2284008349D3 /* FirebaseInstallations in Frameworks */ = {isa = PBXBuildFile; productRef = F1DD956D2ABB2284008349D3 /* FirebaseInstallations */; };
		F1DD95702ABB2284008349D3 /* FirebaseMLModelDownloader in Frameworks */ = {isa = PBXBuildFile; productRef = F1DD956F2ABB2284008349D3 /* FirebaseMLModelDownloader */; };
		F1DD95722ABB2284008349D3 /* FirebaseMessaging in Frameworks */ = {isa = PBXBuildFile; productRef = F1DD95712ABB2284008349D3 /* FirebaseMessaging */; };
		F1DD95742ABB2284008349D3 /* FirebasePerformance in Frameworks */ = {isa = PBXBuildFile; productRef = F1DD95732ABB2284008349D3 /* FirebasePerformance */; };
		F1DD95762ABB2284008349D3 /* FirebaseRemoteConfig in Frameworks */ = {isa = PBXBuildFile; productRef = F1DD95752ABB2284008349D3 /* FirebaseRemoteConfig */; };
		F1DD95782ABB2284008349D3 /* FirebaseRemoteConfigSwift in Frameworks */ = {isa = PBXBuildFile; productRef = F1DD95772ABB2284008349D3 /* FirebaseRemoteConfigSwift */; };
		F1DD957A2ABB2284008349D3 /* FirebaseStorage in Frameworks */ = {isa = PBXBuildFile; productRef = F1DD95792ABB2284008349D3 /* FirebaseStorage */; };
		F1DD957C2ABB2284008349D3 /* FirebaseStorageCombine-Community in Frameworks */ = {isa = PBXBuildFile; productRef = F1DD957B2ABB2284008349D3 /* FirebaseStorageCombine-Community */; };
		F1E574232A73C50600F76791 /* ETTransactionGroup.swift in Sources */ = {isa = PBXBuildFile; fileRef = F1E574222A73C50600F76791 /* ETTransactionGroup.swift */; };
		F1E574252A73C97D00F76791 /* ETTransactionType.swift in Sources */ = {isa = PBXBuildFile; fileRef = F1E574242A73C97D00F76791 /* ETTransactionType.swift */; };
		F1E574272A73CB7400F76791 /* ETTransactionCategory.swift in Sources */ = {isa = PBXBuildFile; fileRef = F1E574262A73CB7400F76791 /* ETTransactionCategory.swift */; };
		F1E574292A73EA9B00F76791 /* ETTransaction.swift in Sources */ = {isa = PBXBuildFile; fileRef = F1E574282A73EA9B00F76791 /* ETTransaction.swift */; };
		F1E5742B2A73EE1D00F76791 /* ETTransactionRecordView.swift in Sources */ = {isa = PBXBuildFile; fileRef = F1E5742A2A73EE1D00F76791 /* ETTransactionRecordView.swift */; };
		F1EE7DAF2AB856F10007F1BD /* ETYearlySummaryChart.swift in Sources */ = {isa = PBXBuildFile; fileRef = F1EE7DAE2AB856F10007F1BD /* ETYearlySummaryChart.swift */; };
/* End PBXBuildFile section */

/* Begin PBXFileReference section */
		2B0DCC9D2C81DA2300EBEA4B /* GoogleService-Info.plist */ = {isa = PBXFileReference; fileEncoding = 4; lastKnownFileType = text.plist.xml; path = "GoogleService-Info.plist"; sourceTree = "<group>"; };
		F10C70D52A83520A004CC32A /* PreviewSampleData.swift */ = {isa = PBXFileReference; lastKnownFileType = sourcecode.swift; path = PreviewSampleData.swift; sourceTree = "<group>"; };
		F1108EAF2AB99A4900DBC46D /* ETTransactionDocument.swift */ = {isa = PBXFileReference; lastKnownFileType = sourcecode.swift; path = ETTransactionDocument.swift; sourceTree = "<group>"; };
		F111E7A62A70F28100BB81BE /* DateExtension.swift */ = {isa = PBXFileReference; lastKnownFileType = sourcecode.swift; path = DateExtension.swift; sourceTree = "<group>"; };
		F111E7AC2A70F8AF00BB81BE /* ETRupeeView.swift */ = {isa = PBXFileReference; lastKnownFileType = sourcecode.swift; path = ETRupeeView.swift; sourceTree = "<group>"; };
		F111E7AE2A7114F900BB81BE /* CurrencyExtension.swift */ = {isa = PBXFileReference; lastKnownFileType = sourcecode.swift; path = CurrencyExtension.swift; sourceTree = "<group>"; };
		F111E7B22A71277600BB81BE /* ETMonthCashFlow.swift */ = {isa = PBXFileReference; lastKnownFileType = sourcecode.swift; path = ETMonthCashFlow.swift; sourceTree = "<group>"; };
		F11A099E2A6E9EB8005D952D /* ETHomeView.swift */ = {isa = PBXFileReference; lastKnownFileType = sourcecode.swift; path = ETHomeView.swift; sourceTree = "<group>"; };
		F13FA9C72A7CB7C100AF1921 /* ETMonthView.swift */ = {isa = PBXFileReference; lastKnownFileType = sourcecode.swift; path = ETMonthView.swift; sourceTree = "<group>"; };
		F14B55D02A6A60750001834B /* Expense Tracker.app */ = {isa = PBXFileReference; explicitFileType = wrapper.application; includeInIndex = 0; path = "Expense Tracker.app"; sourceTree = BUILT_PRODUCTS_DIR; };
		F14B55D32A6A60750001834B /* ExpenseTrackerApp.swift */ = {isa = PBXFileReference; lastKnownFileType = sourcecode.swift; path = ExpenseTrackerApp.swift; sourceTree = "<group>"; };
		F14B55D52A6A60750001834B /* ETRootContentView.swift */ = {isa = PBXFileReference; lastKnownFileType = sourcecode.swift; path = ETRootContentView.swift; sourceTree = "<group>"; };
		F14B55D72A6A60750001834B /* Assets.xcassets */ = {isa = PBXFileReference; lastKnownFileType = folder.assetcatalog; path = Assets.xcassets; sourceTree = "<group>"; };
		F14B55DA2A6A60750001834B /* Preview Assets.xcassets */ = {isa = PBXFileReference; lastKnownFileType = folder.assetcatalog; path = "Preview Assets.xcassets"; sourceTree = "<group>"; };
		F14B55EF2A6A64540001834B /* ETMainTabView.swift */ = {isa = PBXFileReference; lastKnownFileType = sourcecode.swift; path = ETMainTabView.swift; sourceTree = "<group>"; };
		F16F1B552AC6F1D2008DB945 /* ETCategorySummary.swift */ = {isa = PBXFileReference; lastKnownFileType = sourcecode.swift; path = ETCategorySummary.swift; sourceTree = "<group>"; };
		F19B7F2B2A7F653F00CE49B6 /* ETTransactionsListView.swift */ = {isa = PBXFileReference; lastKnownFileType = sourcecode.swift; path = ETTransactionsListView.swift; sourceTree = "<group>"; };
		F19B7F2D2A7FB99200CE49B6 /* ETGroupSummary.swift */ = {isa = PBXFileReference; lastKnownFileType = sourcecode.swift; path = ETGroupSummary.swift; sourceTree = "<group>"; };
		F19B7F2F2A7FB9E900CE49B6 /* ETCategorySummaryExtension.swift */ = {isa = PBXFileReference; lastKnownFileType = sourcecode.swift; path = ETCategorySummaryExtension.swift; sourceTree = "<group>"; };
		F19B7F312A80BD4900CE49B6 /* ETMonthCategorySummaryView.swift */ = {isa = PBXFileReference; lastKnownFileType = sourcecode.swift; path = ETMonthCategorySummaryView.swift; sourceTree = "<group>"; };
		F19C0B502AB4549E0058F665 /* ETReportsView.swift */ = {isa = PBXFileReference; lastKnownFileType = sourcecode.swift; path = ETReportsView.swift; sourceTree = "<group>"; };
		F19C0B532AB455EE0058F665 /* ETReportLayout.swift */ = {isa = PBXFileReference; lastKnownFileType = sourcecode.swift; path = ETReportLayout.swift; sourceTree = "<group>"; };
		F1A1A6CC2AB8250C0004DD10 /* ETYearWiseSummary.swift */ = {isa = PBXFileReference; lastKnownFileType = sourcecode.swift; path = ETYearWiseSummary.swift; sourceTree = "<group>"; };
		F1A1A6CE2AB8288C0004DD10 /* ETYearWiseSummaryView.swift */ = {isa = PBXFileReference; lastKnownFileType = sourcecode.swift; path = ETYearWiseSummaryView.swift; sourceTree = "<group>"; };
		F1C0EC452AB3192300D004E4 /* ETAddTransactionView.swift */ = {isa = PBXFileReference; lastKnownFileType = sourcecode.swift; path = ETAddTransactionView.swift; sourceTree = "<group>"; };
		F1CFC34C2AB6DF9000577828 /* ETMonthlyCategoryGroupWiseSpents.swift */ = {isa = PBXFileReference; lastKnownFileType = sourcecode.swift; path = ETMonthlyCategoryGroupWiseSpents.swift; sourceTree = "<group>"; };
		F1DBBD5F2A7B41F7003BF75E /* ETRecentTransactionsView.swift */ = {isa = PBXFileReference; lastKnownFileType = sourcecode.swift; path = ETRecentTransactionsView.swift; sourceTree = "<group>"; };
		F1DBBD612A7B4A5E003BF75E /* ETTransactionExtension.swift */ = {isa = PBXFileReference; lastKnownFileType = sourcecode.swift; path = ETTransactionExtension.swift; sourceTree = "<group>"; };
		F1E574222A73C50600F76791 /* ETTransactionGroup.swift */ = {isa = PBXFileReference; lastKnownFileType = sourcecode.swift; path = ETTransactionGroup.swift; sourceTree = "<group>"; };
		F1E574242A73C97D00F76791 /* ETTransactionType.swift */ = {isa = PBXFileReference; lastKnownFileType = sourcecode.swift; path = ETTransactionType.swift; sourceTree = "<group>"; };
		F1E574262A73CB7400F76791 /* ETTransactionCategory.swift */ = {isa = PBXFileReference; lastKnownFileType = sourcecode.swift; path = ETTransactionCategory.swift; sourceTree = "<group>"; };
		F1E574282A73EA9B00F76791 /* ETTransaction.swift */ = {isa = PBXFileReference; lastKnownFileType = sourcecode.swift; path = ETTransaction.swift; sourceTree = "<group>"; };
		F1E5742A2A73EE1D00F76791 /* ETTransactionRecordView.swift */ = {isa = PBXFileReference; lastKnownFileType = sourcecode.swift; path = ETTransactionRecordView.swift; sourceTree = "<group>"; };
		F1EE7DAE2AB856F10007F1BD /* ETYearlySummaryChart.swift */ = {isa = PBXFileReference; lastKnownFileType = sourcecode.swift; path = ETYearlySummaryChart.swift; sourceTree = "<group>"; };
/* End PBXFileReference section */

/* Begin PBXFrameworksBuildPhase section */
		F14B55CD2A6A60750001834B /* Frameworks */ = {
			isa = PBXFrameworksBuildPhase;
			buildActionMask = 2147483647;
			files = (
				F1DD955A2ABB2284008349D3 /* FirebaseDatabase in Frameworks */,
				F1DD95682ABB2284008349D3 /* FirebaseFunctionsCombine-Community in Frameworks */,
				F1DD95602ABB2284008349D3 /* FirebaseFirestore in Frameworks */,
				F1DD954C2ABB2284008349D3 /* FirebaseAnalyticsSwift in Frameworks */,
				F1DD95482ABB2284008349D3 /* FirebaseAnalytics in Frameworks */,
				F1DD954A2ABB2284008349D3 /* FirebaseAnalyticsOnDeviceConversion in Frameworks */,
				F1DD95702ABB2284008349D3 /* FirebaseMLModelDownloader in Frameworks */,
				F1DD95642ABB2284008349D3 /* FirebaseFirestoreSwift in Frameworks */,
				F1DD95502ABB2284008349D3 /* FirebaseAppCheck in Frameworks */,
				F1DD954E2ABB2284008349D3 /* FirebaseAnalyticsWithoutAdIdSupport in Frameworks */,
				F1DD95542ABB2284008349D3 /* FirebaseAuth in Frameworks */,
				F1DD95582ABB2284008349D3 /* FirebaseCrashlytics in Frameworks */,
				F1DD95782ABB2284008349D3 /* FirebaseRemoteConfigSwift in Frameworks */,
				F1DD956A2ABB2284008349D3 /* FirebaseInAppMessaging-Beta in Frameworks */,
				F1DD955C2ABB2284008349D3 /* FirebaseDatabaseSwift in Frameworks */,
				F1DD95662ABB2284008349D3 /* FirebaseFunctions in Frameworks */,
				F1DD957C2ABB2284008349D3 /* FirebaseStorageCombine-Community in Frameworks */,
				F1DD95762ABB2284008349D3 /* FirebaseRemoteConfig in Frameworks */,
				F1DD95522ABB2284008349D3 /* FirebaseAppDistribution-Beta in Frameworks */,
				F1DD95562ABB2284008349D3 /* FirebaseAuthCombine-Community in Frameworks */,
				F1DD95742ABB2284008349D3 /* FirebasePerformance in Frameworks */,
				F1DD956C2ABB2284008349D3 /* FirebaseInAppMessagingSwift-Beta in Frameworks */,
				F1DD957A2ABB2284008349D3 /* FirebaseStorage in Frameworks */,
				F1DD955E2ABB2284008349D3 /* FirebaseDynamicLinks in Frameworks */,
				F1DD95622ABB2284008349D3 /* FirebaseFirestoreCombine-Community in Frameworks */,
				F1DD95722ABB2284008349D3 /* FirebaseMessaging in Frameworks */,
				F1DD956E2ABB2284008349D3 /* FirebaseInstallations in Frameworks */,
			);
			runOnlyForDeploymentPostprocessing = 0;
		};
/* End PBXFrameworksBuildPhase section */

/* Begin PBXGroup section */
		F10C70D22A833286004CC32A /* Constants */ = {
			isa = PBXGroup;
			children = (
				F1E574262A73CB7400F76791 /* ETTransactionCategory.swift */,
				F1E574222A73C50600F76791 /* ETTransactionGroup.swift */,
				F1E574242A73C97D00F76791 /* ETTransactionType.swift */,
			);
			path = Constants;
			sourceTree = "<group>";
		};
		F10C70D32A834EBF004CC32A /* Persistence */ = {
			isa = PBXGroup;
			children = (
				F1E574282A73EA9B00F76791 /* ETTransaction.swift */,
				F111E7B22A71277600BB81BE /* ETMonthCashFlow.swift */,
			);
			path = Persistence;
			sourceTree = "<group>";
		};
		F10C70D42A8350E5004CC32A /* Support */ = {
			isa = PBXGroup;
			children = (
				F10C70D52A83520A004CC32A /* PreviewSampleData.swift */,
			);
			path = Support;
			sourceTree = "<group>";
		};
		F111E7AB2A70F89C00BB81BE /* Components */ = {
			isa = PBXGroup;
			children = (
				F111E7AC2A70F8AF00BB81BE /* ETRupeeView.swift */,
				F1E5742A2A73EE1D00F76791 /* ETTransactionRecordView.swift */,
			);
			path = Components;
			sourceTree = "<group>";
		};
		F11A099C2A6E9E9D005D952D /* View */ = {
			isa = PBXGroup;
			children = (
				F11A099E2A6E9EB8005D952D /* ETHomeView.swift */,
				F1DBBD5F2A7B41F7003BF75E /* ETRecentTransactionsView.swift */,
				F13FA9C72A7CB7C100AF1921 /* ETMonthView.swift */,
				F19B7F2B2A7F653F00CE49B6 /* ETTransactionsListView.swift */,
				F19B7F312A80BD4900CE49B6 /* ETMonthCategorySummaryView.swift */,
				F1C0EC452AB3192300D004E4 /* ETAddTransactionView.swift */,
			);
			path = View;
			sourceTree = "<group>";
		};
		F14B55C72A6A60750001834B = {
			isa = PBXGroup;
			children = (
				F14B55D22A6A60750001834B /* Expense Tracker */,
				F14B55D12A6A60750001834B /* Products */,
			);
			sourceTree = "<group>";
		};
		F14B55D12A6A60750001834B /* Products */ = {
			isa = PBXGroup;
			children = (
				F14B55D02A6A60750001834B /* Expense Tracker.app */,
			);
			name = Products;
			sourceTree = "<group>";
		};
		F14B55D22A6A60750001834B /* Expense Tracker */ = {
			isa = PBXGroup;
			children = (
				2B0DCC9D2C81DA2300EBEA4B /* GoogleService-Info.plist */,
				F14B55E12A6A610A0001834B /* App */,
				F111E7AB2A70F89C00BB81BE /* Components */,
				F10C70D22A833286004CC32A /* Constants */,
				F14B55E62A6A618D0001834B /* Core */,
				F14B55E52A6A61730001834B /* Extensions */,
				F14B55E32A6A615F0001834B /* Model */,
				F10C70D42A8350E5004CC32A /* Support */,
				F14B55D72A6A60750001834B /* Assets.xcassets */,
				F14B55D92A6A60750001834B /* Preview Content */,
			);
			path = "Expense Tracker";
			sourceTree = "<group>";
		};
		F14B55D92A6A60750001834B /* Preview Content */ = {
			isa = PBXGroup;
			children = (
				F14B55DA2A6A60750001834B /* Preview Assets.xcassets */,
			);
			path = "Preview Content";
			sourceTree = "<group>";
		};
		F14B55E12A6A610A0001834B /* App */ = {
			isa = PBXGroup;
			children = (
				F14B55D32A6A60750001834B /* ExpenseTrackerApp.swift */,
			);
			path = App;
			sourceTree = "<group>";
		};
		F14B55E32A6A615F0001834B /* Model */ = {
			isa = PBXGroup;
			children = (
				F10C70D32A834EBF004CC32A /* Persistence */,
				F19B7F2D2A7FB99200CE49B6 /* ETGroupSummary.swift */,
				F1A1A6CC2AB8250C0004DD10 /* ETYearWiseSummary.swift */,
				F1108EAF2AB99A4900DBC46D /* ETTransactionDocument.swift */,
				F16F1B552AC6F1D2008DB945 /* ETCategorySummary.swift */,
			);
			path = Model;
			sourceTree = "<group>";
		};
		F14B55E52A6A61730001834B /* Extensions */ = {
			isa = PBXGroup;
			children = (
				F111E7A62A70F28100BB81BE /* DateExtension.swift */,
				F111E7AE2A7114F900BB81BE /* CurrencyExtension.swift */,
				F1DBBD612A7B4A5E003BF75E /* ETTransactionExtension.swift */,
				F19B7F2F2A7FB9E900CE49B6 /* ETCategorySummaryExtension.swift */,
			);
			path = Extensions;
			sourceTree = "<group>";
		};
		F14B55E62A6A618D0001834B /* Core */ = {
			isa = PBXGroup;
			children = (
				F14B55ED2A6A64070001834B /* TabBar */,
				F14B55EB2A6A63220001834B /* Reports */,
				F14B55EA2A6A631B0001834B /* Home */,
				F14B55E72A6A61920001834B /* Root */,
			);
			path = Core;
			sourceTree = "<group>";
		};
		F14B55E72A6A61920001834B /* Root */ = {
			isa = PBXGroup;
			children = (
				F14B55E82A6A61980001834B /* View */,
			);
			path = Root;
			sourceTree = "<group>";
		};
		F14B55E82A6A61980001834B /* View */ = {
			isa = PBXGroup;
			children = (
				F14B55D52A6A60750001834B /* ETRootContentView.swift */,
			);
			path = View;
			sourceTree = "<group>";
		};
		F14B55EA2A6A631B0001834B /* Home */ = {
			isa = PBXGroup;
			children = (
				F11A099C2A6E9E9D005D952D /* View */,
			);
			path = Home;
			sourceTree = "<group>";
		};
		F14B55EB2A6A63220001834B /* Reports */ = {
			isa = PBXGroup;
			children = (
				F19C0B522AB455C20058F665 /* Constants */,
				F19C0B4F2AB4546E0058F665 /* View */,
			);
			path = Reports;
			sourceTree = "<group>";
		};
		F14B55ED2A6A64070001834B /* TabBar */ = {
			isa = PBXGroup;
			children = (
				F14B55EE2A6A64190001834B /* View */,
			);
			path = TabBar;
			sourceTree = "<group>";
		};
		F14B55EE2A6A64190001834B /* View */ = {
			isa = PBXGroup;
			children = (
				F14B55EF2A6A64540001834B /* ETMainTabView.swift */,
			);
			path = View;
			sourceTree = "<group>";
		};
		F19C0B4F2AB4546E0058F665 /* View */ = {
			isa = PBXGroup;
			children = (
				F19C0B502AB4549E0058F665 /* ETReportsView.swift */,
				F1CFC34C2AB6DF9000577828 /* ETMonthlyCategoryGroupWiseSpents.swift */,
				F1A1A6CE2AB8288C0004DD10 /* ETYearWiseSummaryView.swift */,
				F1EE7DAE2AB856F10007F1BD /* ETYearlySummaryChart.swift */,
			);
			path = View;
			sourceTree = "<group>";
		};
		F19C0B522AB455C20058F665 /* Constants */ = {
			isa = PBXGroup;
			children = (
				F19C0B532AB455EE0058F665 /* ETReportLayout.swift */,
			);
			path = Constants;
			sourceTree = "<group>";
		};
/* End PBXGroup section */

/* Begin PBXNativeTarget section */
		F14B55CF2A6A60750001834B /* Expense Tracker */ = {
			isa = PBXNativeTarget;
			buildConfigurationList = F14B55DE2A6A60750001834B /* Build configuration list for PBXNativeTarget "Expense Tracker" */;
			buildPhases = (
				F14B55CC2A6A60750001834B /* Sources */,
				F14B55CD2A6A60750001834B /* Frameworks */,
				F14B55CE2A6A60750001834B /* Resources */,
			);
			buildRules = (
			);
			dependencies = (
			);
			name = "Expense Tracker";
			packageProductDependencies = (
				F1DD95472ABB2284008349D3 /* FirebaseAnalytics */,
				F1DD95492ABB2284008349D3 /* FirebaseAnalyticsOnDeviceConversion */,
				F1DD954B2ABB2284008349D3 /* FirebaseAnalyticsSwift */,
				F1DD954D2ABB2284008349D3 /* FirebaseAnalyticsWithoutAdIdSupport */,
				F1DD954F2ABB2284008349D3 /* FirebaseAppCheck */,
				F1DD95512ABB2284008349D3 /* FirebaseAppDistribution-Beta */,
				F1DD95532ABB2284008349D3 /* FirebaseAuth */,
				F1DD95552ABB2284008349D3 /* FirebaseAuthCombine-Community */,
				F1DD95572ABB2284008349D3 /* FirebaseCrashlytics */,
				F1DD95592ABB2284008349D3 /* FirebaseDatabase */,
				F1DD955B2ABB2284008349D3 /* FirebaseDatabaseSwift */,
				F1DD955D2ABB2284008349D3 /* FirebaseDynamicLinks */,
				F1DD955F2ABB2284008349D3 /* FirebaseFirestore */,
				F1DD95612ABB2284008349D3 /* FirebaseFirestoreCombine-Community */,
				F1DD95632ABB2284008349D3 /* FirebaseFirestoreSwift */,
				F1DD95652ABB2284008349D3 /* FirebaseFunctions */,
				F1DD95672ABB2284008349D3 /* FirebaseFunctionsCombine-Community */,
				F1DD95692ABB2284008349D3 /* FirebaseInAppMessaging-Beta */,
				F1DD956B2ABB2284008349D3 /* FirebaseInAppMessagingSwift-Beta */,
				F1DD956D2ABB2284008349D3 /* FirebaseInstallations */,
				F1DD956F2ABB2284008349D3 /* FirebaseMLModelDownloader */,
				F1DD95712ABB2284008349D3 /* FirebaseMessaging */,
				F1DD95732ABB2284008349D3 /* FirebasePerformance */,
				F1DD95752ABB2284008349D3 /* FirebaseRemoteConfig */,
				F1DD95772ABB2284008349D3 /* FirebaseRemoteConfigSwift */,
				F1DD95792ABB2284008349D3 /* FirebaseStorage */,
				F1DD957B2ABB2284008349D3 /* FirebaseStorageCombine-Community */,
			);
			productName = "Expense Tracker";
			productReference = F14B55D02A6A60750001834B /* Expense Tracker.app */;
			productType = "com.apple.product-type.application";
		};
/* End PBXNativeTarget section */

/* Begin PBXProject section */
		F14B55C82A6A60750001834B /* Project object */ = {
			isa = PBXProject;
			attributes = {
				BuildIndependentTargetsInParallel = 1;
				LastSwiftUpdateCheck = 1430;
				LastUpgradeCheck = 1500;
				TargetAttributes = {
					F14B55CF2A6A60750001834B = {
						CreatedOnToolsVersion = 14.3.1;
					};
				};
			};
			buildConfigurationList = F14B55CB2A6A60750001834B /* Build configuration list for PBXProject "Expense Tracker" */;
			compatibilityVersion = "Xcode 14.0";
			developmentRegion = en;
			hasScannedForEncodings = 0;
			knownRegions = (
				en,
				Base,
			);
			mainGroup = F14B55C72A6A60750001834B;
			packageReferences = (
				F1DD95462ABB2284008349D3 /* XCRemoteSwiftPackageReference "firebase-ios-sdk" */,
			);
			productRefGroup = F14B55D12A6A60750001834B /* Products */;
			projectDirPath = "";
			projectRoot = "";
			targets = (
				F14B55CF2A6A60750001834B /* Expense Tracker */,
			);
		};
/* End PBXProject section */

/* Begin PBXResourcesBuildPhase section */
		F14B55CE2A6A60750001834B /* Resources */ = {
			isa = PBXResourcesBuildPhase;
			buildActionMask = 2147483647;
			files = (
				F14B55DB2A6A60750001834B /* Preview Assets.xcassets in Resources */,
				F14B55D82A6A60750001834B /* Assets.xcassets in Resources */,
				2B0DCC9E2C81DA2300EBEA4B /* GoogleService-Info.plist in Resources */,
			);
			runOnlyForDeploymentPostprocessing = 0;
		};
/* End PBXResourcesBuildPhase section */

/* Begin PBXSourcesBuildPhase section */
		F14B55CC2A6A60750001834B /* Sources */ = {
			isa = PBXSourcesBuildPhase;
			buildActionMask = 2147483647;
			files = (
				F1E5742B2A73EE1D00F76791 /* ETTransactionRecordView.swift in Sources */,
				F1DBBD602A7B41F7003BF75E /* ETRecentTransactionsView.swift in Sources */,
				F111E7A72A70F28100BB81BE /* DateExtension.swift in Sources */,
				F14B55D62A6A60750001834B /* ETRootContentView.swift in Sources */,
				F19B7F2E2A7FB99200CE49B6 /* ETGroupSummary.swift in Sources */,
				F10C70D62A83520A004CC32A /* PreviewSampleData.swift in Sources */,
				F14B55D42A6A60750001834B /* ExpenseTrackerApp.swift in Sources */,
				F13FA9C82A7CB7C100AF1921 /* ETMonthView.swift in Sources */,
				F19B7F322A80BD4900CE49B6 /* ETMonthCategorySummaryView.swift in Sources */,
				F19B7F302A7FB9E900CE49B6 /* ETCategorySummaryExtension.swift in Sources */,
				F1A1A6CF2AB8288C0004DD10 /* ETYearWiseSummaryView.swift in Sources */,
				F19C0B542AB455EE0058F665 /* ETReportLayout.swift in Sources */,
				F19B7F2C2A7F653F00CE49B6 /* ETTransactionsListView.swift in Sources */,
				F11A099F2A6E9EB8005D952D /* ETHomeView.swift in Sources */,
				F111E7B32A71277600BB81BE /* ETMonthCashFlow.swift in Sources */,
				F111E7AF2A7114F900BB81BE /* CurrencyExtension.swift in Sources */,
				F1EE7DAF2AB856F10007F1BD /* ETYearlySummaryChart.swift in Sources */,
				F1CFC34D2AB6DF9000577828 /* ETMonthlyCategoryGroupWiseSpents.swift in Sources */,
				F1C0EC462AB3192300D004E4 /* ETAddTransactionView.swift in Sources */,
				F1E574232A73C50600F76791 /* ETTransactionGroup.swift in Sources */,
				F14B55F02A6A64540001834B /* ETMainTabView.swift in Sources */,
				F1DBBD622A7B4A5E003BF75E /* ETTransactionExtension.swift in Sources */,
				F1A1A6CD2AB8250C0004DD10 /* ETYearWiseSummary.swift in Sources */,
				F1E574272A73CB7400F76791 /* ETTransactionCategory.swift in Sources */,
				F19C0B512AB4549E0058F665 /* ETReportsView.swift in Sources */,
				F1108EB02AB99A4900DBC46D /* ETTransactionDocument.swift in Sources */,
				F1E574292A73EA9B00F76791 /* ETTransaction.swift in Sources */,
				F111E7AD2A70F8AF00BB81BE /* ETRupeeView.swift in Sources */,
				F1E574252A73C97D00F76791 /* ETTransactionType.swift in Sources */,
				F16F1B562AC6F1D2008DB945 /* ETCategorySummary.swift in Sources */,
			);
			runOnlyForDeploymentPostprocessing = 0;
		};
/* End PBXSourcesBuildPhase section */

/* Begin XCBuildConfiguration section */
		F14B55DC2A6A60750001834B /* Debug */ = {
			isa = XCBuildConfiguration;
			buildSettings = {
				ALWAYS_SEARCH_USER_PATHS = NO;
				CLANG_ANALYZER_NONNULL = YES;
				CLANG_ANALYZER_NUMBER_OBJECT_CONVERSION = YES_AGGRESSIVE;
				CLANG_CXX_LANGUAGE_STANDARD = "gnu++20";
				CLANG_ENABLE_MODULES = YES;
				CLANG_ENABLE_OBJC_ARC = YES;
				CLANG_ENABLE_OBJC_WEAK = YES;
				CLANG_WARN_BLOCK_CAPTURE_AUTORELEASING = YES;
				CLANG_WARN_BOOL_CONVERSION = YES;
				CLANG_WARN_COMMA = YES;
				CLANG_WARN_CONSTANT_CONVERSION = YES;
				CLANG_WARN_DEPRECATED_OBJC_IMPLEMENTATIONS = YES;
				CLANG_WARN_DIRECT_OBJC_ISA_USAGE = YES_ERROR;
				CLANG_WARN_DOCUMENTATION_COMMENTS = YES;
				CLANG_WARN_EMPTY_BODY = YES;
				CLANG_WARN_ENUM_CONVERSION = YES;
				CLANG_WARN_INFINITE_RECURSION = YES;
				CLANG_WARN_INT_CONVERSION = YES;
				CLANG_WARN_NON_LITERAL_NULL_CONVERSION = YES;
				CLANG_WARN_OBJC_IMPLICIT_RETAIN_SELF = YES;
				CLANG_WARN_OBJC_LITERAL_CONVERSION = YES;
				CLANG_WARN_OBJC_ROOT_CLASS = YES_ERROR;
				CLANG_WARN_QUOTED_INCLUDE_IN_FRAMEWORK_HEADER = YES;
				CLANG_WARN_RANGE_LOOP_ANALYSIS = YES;
				CLANG_WARN_STRICT_PROTOTYPES = YES;
				CLANG_WARN_SUSPICIOUS_MOVE = YES;
				CLANG_WARN_UNGUARDED_AVAILABILITY = YES_AGGRESSIVE;
				CLANG_WARN_UNREACHABLE_CODE = YES;
				CLANG_WARN__DUPLICATE_METHOD_MATCH = YES;
				COPY_PHASE_STRIP = NO;
				DEBUG_INFORMATION_FORMAT = dwarf;
				ENABLE_STRICT_OBJC_MSGSEND = YES;
				ENABLE_TESTABILITY = YES;
				ENABLE_USER_SCRIPT_SANDBOXING = YES;
				GCC_C_LANGUAGE_STANDARD = gnu11;
				GCC_DYNAMIC_NO_PIC = NO;
				GCC_NO_COMMON_BLOCKS = YES;
				GCC_OPTIMIZATION_LEVEL = 0;
				GCC_PREPROCESSOR_DEFINITIONS = (
					"DEBUG=1",
					"$(inherited)",
				);
				GCC_WARN_64_TO_32_BIT_CONVERSION = YES;
				GCC_WARN_ABOUT_RETURN_TYPE = YES_ERROR;
				GCC_WARN_UNDECLARED_SELECTOR = YES;
				GCC_WARN_UNINITIALIZED_AUTOS = YES_AGGRESSIVE;
				GCC_WARN_UNUSED_FUNCTION = YES;
				GCC_WARN_UNUSED_VARIABLE = YES;
				IPHONEOS_DEPLOYMENT_TARGET = 16.4;
				MTL_ENABLE_DEBUG_INFO = INCLUDE_SOURCE;
				MTL_FAST_MATH = YES;
				ONLY_ACTIVE_ARCH = YES;
				SDKROOT = iphoneos;
				SWIFT_ACTIVE_COMPILATION_CONDITIONS = DEBUG;
				SWIFT_OPTIMIZATION_LEVEL = "-Onone";
			};
			name = Debug;
		};
		F14B55DD2A6A60750001834B /* Release */ = {
			isa = XCBuildConfiguration;
			buildSettings = {
				ALWAYS_SEARCH_USER_PATHS = NO;
				CLANG_ANALYZER_NONNULL = YES;
				CLANG_ANALYZER_NUMBER_OBJECT_CONVERSION = YES_AGGRESSIVE;
				CLANG_CXX_LANGUAGE_STANDARD = "gnu++20";
				CLANG_ENABLE_MODULES = YES;
				CLANG_ENABLE_OBJC_ARC = YES;
				CLANG_ENABLE_OBJC_WEAK = YES;
				CLANG_WARN_BLOCK_CAPTURE_AUTORELEASING = YES;
				CLANG_WARN_BOOL_CONVERSION = YES;
				CLANG_WARN_COMMA = YES;
				CLANG_WARN_CONSTANT_CONVERSION = YES;
				CLANG_WARN_DEPRECATED_OBJC_IMPLEMENTATIONS = YES;
				CLANG_WARN_DIRECT_OBJC_ISA_USAGE = YES_ERROR;
				CLANG_WARN_DOCUMENTATION_COMMENTS = YES;
				CLANG_WARN_EMPTY_BODY = YES;
				CLANG_WARN_ENUM_CONVERSION = YES;
				CLANG_WARN_INFINITE_RECURSION = YES;
				CLANG_WARN_INT_CONVERSION = YES;
				CLANG_WARN_NON_LITERAL_NULL_CONVERSION = YES;
				CLANG_WARN_OBJC_IMPLICIT_RETAIN_SELF = YES;
				CLANG_WARN_OBJC_LITERAL_CONVERSION = YES;
				CLANG_WARN_OBJC_ROOT_CLASS = YES_ERROR;
				CLANG_WARN_QUOTED_INCLUDE_IN_FRAMEWORK_HEADER = YES;
				CLANG_WARN_RANGE_LOOP_ANALYSIS = YES;
				CLANG_WARN_STRICT_PROTOTYPES = YES;
				CLANG_WARN_SUSPICIOUS_MOVE = YES;
				CLANG_WARN_UNGUARDED_AVAILABILITY = YES_AGGRESSIVE;
				CLANG_WARN_UNREACHABLE_CODE = YES;
				CLANG_WARN__DUPLICATE_METHOD_MATCH = YES;
				COPY_PHASE_STRIP = NO;
				DEBUG_INFORMATION_FORMAT = "dwarf-with-dsym";
				ENABLE_NS_ASSERTIONS = NO;
				ENABLE_STRICT_OBJC_MSGSEND = YES;
				ENABLE_USER_SCRIPT_SANDBOXING = YES;
				GCC_C_LANGUAGE_STANDARD = gnu11;
				GCC_NO_COMMON_BLOCKS = YES;
				GCC_WARN_64_TO_32_BIT_CONVERSION = YES;
				GCC_WARN_ABOUT_RETURN_TYPE = YES_ERROR;
				GCC_WARN_UNDECLARED_SELECTOR = YES;
				GCC_WARN_UNINITIALIZED_AUTOS = YES_AGGRESSIVE;
				GCC_WARN_UNUSED_FUNCTION = YES;
				GCC_WARN_UNUSED_VARIABLE = YES;
				IPHONEOS_DEPLOYMENT_TARGET = 16.4;
				MTL_ENABLE_DEBUG_INFO = NO;
				MTL_FAST_MATH = YES;
				SDKROOT = iphoneos;
				SWIFT_COMPILATION_MODE = wholemodule;
				SWIFT_OPTIMIZATION_LEVEL = "-O";
				VALIDATE_PRODUCT = YES;
			};
			name = Release;
		};
		F14B55DF2A6A60750001834B /* Debug */ = {
			isa = XCBuildConfiguration;
			buildSettings = {
				ASSETCATALOG_COMPILER_APPICON_NAME = AppIcon;
				ASSETCATALOG_COMPILER_GLOBAL_ACCENT_COLOR_NAME = AccentColor;
				CODE_SIGN_STYLE = Automatic;
				CURRENT_PROJECT_VERSION = 1;
				DEVELOPMENT_ASSET_PATHS = "\"Expense Tracker/Preview Content\"";
				DEVELOPMENT_TEAM = ALMK5UKY2Z;
				ENABLE_PREVIEWS = YES;
				GENERATE_INFOPLIST_FILE = YES;
				INFOPLIST_KEY_CFBundleDisplayName = "Expense Tracker";
				INFOPLIST_KEY_UIApplicationSceneManifest_Generation = YES;
				INFOPLIST_KEY_UIApplicationSupportsIndirectInputEvents = YES;
				INFOPLIST_KEY_UILaunchScreen_Generation = YES;
				INFOPLIST_KEY_UISupportedInterfaceOrientations_iPad = "UIInterfaceOrientationPortrait UIInterfaceOrientationPortraitUpsideDown UIInterfaceOrientationLandscapeLeft UIInterfaceOrientationLandscapeRight";
				INFOPLIST_KEY_UISupportedInterfaceOrientations_iPhone = "UIInterfaceOrientationPortrait UIInterfaceOrientationLandscapeLeft UIInterfaceOrientationLandscapeRight";
				IPHONEOS_DEPLOYMENT_TARGET = 17.0;
				LD_RUNPATH_SEARCH_PATHS = (
					"$(inherited)",
					"@executable_path/Frameworks",
				);
				MARKETING_VERSION = 1.0;
				PRODUCT_BUNDLE_IDENTIFIER = "com.karthikeyan.experiments.Expense-Tracker";
				PRODUCT_NAME = "$(TARGET_NAME)";
				SWIFT_EMIT_LOC_STRINGS = YES;
				SWIFT_VERSION = 5.0;
				TARGETED_DEVICE_FAMILY = "1,2";
			};
			name = Debug;
		};
		F14B55E02A6A60750001834B /* Release */ = {
			isa = XCBuildConfiguration;
			buildSettings = {
				ASSETCATALOG_COMPILER_APPICON_NAME = AppIcon;
				ASSETCATALOG_COMPILER_GLOBAL_ACCENT_COLOR_NAME = AccentColor;
				CODE_SIGN_STYLE = Automatic;
				CURRENT_PROJECT_VERSION = 1;
				DEVELOPMENT_ASSET_PATHS = "\"Expense Tracker/Preview Content\"";
				DEVELOPMENT_TEAM = ALMK5UKY2Z;
				ENABLE_PREVIEWS = YES;
				GENERATE_INFOPLIST_FILE = YES;
				INFOPLIST_KEY_CFBundleDisplayName = "Expense Tracker";
				INFOPLIST_KEY_UIApplicationSceneManifest_Generation = YES;
				INFOPLIST_KEY_UIApplicationSupportsIndirectInputEvents = YES;
				INFOPLIST_KEY_UILaunchScreen_Generation = YES;
				INFOPLIST_KEY_UISupportedInterfaceOrientations_iPad = "UIInterfaceOrientationPortrait UIInterfaceOrientationPortraitUpsideDown UIInterfaceOrientationLandscapeLeft UIInterfaceOrientationLandscapeRight";
				INFOPLIST_KEY_UISupportedInterfaceOrientations_iPhone = "UIInterfaceOrientationPortrait UIInterfaceOrientationLandscapeLeft UIInterfaceOrientationLandscapeRight";
				IPHONEOS_DEPLOYMENT_TARGET = 17.0;
				LD_RUNPATH_SEARCH_PATHS = (
					"$(inherited)",
					"@executable_path/Frameworks",
				);
				MARKETING_VERSION = 1.0;
				PRODUCT_BUNDLE_IDENTIFIER = "com.karthikeyan.experiments.Expense-Tracker";
				PRODUCT_NAME = "$(TARGET_NAME)";
				SWIFT_EMIT_LOC_STRINGS = YES;
				SWIFT_VERSION = 5.0;
				TARGETED_DEVICE_FAMILY = "1,2";
			};
			name = Release;
		};
/* End XCBuildConfiguration section */

/* Begin XCConfigurationList section */
		F14B55CB2A6A60750001834B /* Build configuration list for PBXProject "Expense Tracker" */ = {
			isa = XCConfigurationList;
			buildConfigurations = (
				F14B55DC2A6A60750001834B /* Debug */,
				F14B55DD2A6A60750001834B /* Release */,
			);
			defaultConfigurationIsVisible = 0;
			defaultConfigurationName = Release;
		};
		F14B55DE2A6A60750001834B /* Build configuration list for PBXNativeTarget "Expense Tracker" */ = {
			isa = XCConfigurationList;
			buildConfigurations = (
				F14B55DF2A6A60750001834B /* Debug */,
				F14B55E02A6A60750001834B /* Release */,
			);
			defaultConfigurationIsVisible = 0;
			defaultConfigurationName = Release;
		};
/* End XCConfigurationList section */

/* Begin XCRemoteSwiftPackageReference section */
		F1DD95462ABB2284008349D3 /* XCRemoteSwiftPackageReference "firebase-ios-sdk" */ = {
			isa = XCRemoteSwiftPackageReference;
			repositoryURL = "https://github.com/firebase/firebase-ios-sdk";
			requirement = {
				kind = upToNextMajorVersion;
				minimumVersion = 10.15.0;
			};
		};
/* End XCRemoteSwiftPackageReference section */

/* Begin XCSwiftPackageProductDependency section */
		F1DD95472ABB2284008349D3 /* FirebaseAnalytics */ = {
			isa = XCSwiftPackageProductDependency;
			package = F1DD95462ABB2284008349D3 /* XCRemoteSwiftPackageReference "firebase-ios-sdk" */;
			productName = FirebaseAnalytics;
		};
		F1DD95492ABB2284008349D3 /* FirebaseAnalyticsOnDeviceConversion */ = {
			isa = XCSwiftPackageProductDependency;
			package = F1DD95462ABB2284008349D3 /* XCRemoteSwiftPackageReference "firebase-ios-sdk" */;
			productName = FirebaseAnalyticsOnDeviceConversion;
		};
		F1DD954B2ABB2284008349D3 /* FirebaseAnalyticsSwift */ = {
			isa = XCSwiftPackageProductDependency;
			package = F1DD95462ABB2284008349D3 /* XCRemoteSwiftPackageReference "firebase-ios-sdk" */;
			productName = FirebaseAnalyticsSwift;
		};
		F1DD954D2ABB2284008349D3 /* FirebaseAnalyticsWithoutAdIdSupport */ = {
			isa = XCSwiftPackageProductDependency;
			package = F1DD95462ABB2284008349D3 /* XCRemoteSwiftPackageReference "firebase-ios-sdk" */;
			productName = FirebaseAnalyticsWithoutAdIdSupport;
		};
		F1DD954F2ABB2284008349D3 /* FirebaseAppCheck */ = {
			isa = XCSwiftPackageProductDependency;
			package = F1DD95462ABB2284008349D3 /* XCRemoteSwiftPackageReference "firebase-ios-sdk" */;
			productName = FirebaseAppCheck;
		};
		F1DD95512ABB2284008349D3 /* FirebaseAppDistribution-Beta */ = {
			isa = XCSwiftPackageProductDependency;
			package = F1DD95462ABB2284008349D3 /* XCRemoteSwiftPackageReference "firebase-ios-sdk" */;
			productName = "FirebaseAppDistribution-Beta";
		};
		F1DD95532ABB2284008349D3 /* FirebaseAuth */ = {
			isa = XCSwiftPackageProductDependency;
			package = F1DD95462ABB2284008349D3 /* XCRemoteSwiftPackageReference "firebase-ios-sdk" */;
			productName = FirebaseAuth;
		};
		F1DD95552ABB2284008349D3 /* FirebaseAuthCombine-Community */ = {
			isa = XCSwiftPackageProductDependency;
			package = F1DD95462ABB2284008349D3 /* XCRemoteSwiftPackageReference "firebase-ios-sdk" */;
			productName = "FirebaseAuthCombine-Community";
		};
		F1DD95572ABB2284008349D3 /* FirebaseCrashlytics */ = {
			isa = XCSwiftPackageProductDependency;
			package = F1DD95462ABB2284008349D3 /* XCRemoteSwiftPackageReference "firebase-ios-sdk" */;
			productName = FirebaseCrashlytics;
		};
		F1DD95592ABB2284008349D3 /* FirebaseDatabase */ = {
			isa = XCSwiftPackageProductDependency;
			package = F1DD95462ABB2284008349D3 /* XCRemoteSwiftPackageReference "firebase-ios-sdk" */;
			productName = FirebaseDatabase;
		};
		F1DD955B2ABB2284008349D3 /* FirebaseDatabaseSwift */ = {
			isa = XCSwiftPackageProductDependency;
			package = F1DD95462ABB2284008349D3 /* XCRemoteSwiftPackageReference "firebase-ios-sdk" */;
			productName = FirebaseDatabaseSwift;
		};
		F1DD955D2ABB2284008349D3 /* FirebaseDynamicLinks */ = {
			isa = XCSwiftPackageProductDependency;
			package = F1DD95462ABB2284008349D3 /* XCRemoteSwiftPackageReference "firebase-ios-sdk" */;
			productName = FirebaseDynamicLinks;
		};
		F1DD955F2ABB2284008349D3 /* FirebaseFirestore */ = {
			isa = XCSwiftPackageProductDependency;
			package = F1DD95462ABB2284008349D3 /* XCRemoteSwiftPackageReference "firebase-ios-sdk" */;
			productName = FirebaseFirestore;
		};
		F1DD95612ABB2284008349D3 /* FirebaseFirestoreCombine-Community */ = {
			isa = XCSwiftPackageProductDependency;
			package = F1DD95462ABB2284008349D3 /* XCRemoteSwiftPackageReference "firebase-ios-sdk" */;
			productName = "FirebaseFirestoreCombine-Community";
		};
		F1DD95632ABB2284008349D3 /* FirebaseFirestoreSwift */ = {
			isa = XCSwiftPackageProductDependency;
			package = F1DD95462ABB2284008349D3 /* XCRemoteSwiftPackageReference "firebase-ios-sdk" */;
			productName = FirebaseFirestoreSwift;
		};
		F1DD95652ABB2284008349D3 /* FirebaseFunctions */ = {
			isa = XCSwiftPackageProductDependency;
			package = F1DD95462ABB2284008349D3 /* XCRemoteSwiftPackageReference "firebase-ios-sdk" */;
			productName = FirebaseFunctions;
		};
		F1DD95672ABB2284008349D3 /* FirebaseFunctionsCombine-Community */ = {
			isa = XCSwiftPackageProductDependency;
			package = F1DD95462ABB2284008349D3 /* XCRemoteSwiftPackageReference "firebase-ios-sdk" */;
			productName = "FirebaseFunctionsCombine-Community";
		};
		F1DD95692ABB2284008349D3 /* FirebaseInAppMessaging-Beta */ = {
			isa = XCSwiftPackageProductDependency;
			package = F1DD95462ABB2284008349D3 /* XCRemoteSwiftPackageReference "firebase-ios-sdk" */;
			productName = "FirebaseInAppMessaging-Beta";
		};
		F1DD956B2ABB2284008349D3 /* FirebaseInAppMessagingSwift-Beta */ = {
			isa = XCSwiftPackageProductDependency;
			package = F1DD95462ABB2284008349D3 /* XCRemoteSwiftPackageReference "firebase-ios-sdk" */;
			productName = "FirebaseInAppMessagingSwift-Beta";
		};
		F1DD956D2ABB2284008349D3 /* FirebaseInstallations */ = {
			isa = XCSwiftPackageProductDependency;
			package = F1DD95462ABB2284008349D3 /* XCRemoteSwiftPackageReference "firebase-ios-sdk" */;
			productName = FirebaseInstallations;
		};
		F1DD956F2ABB2284008349D3 /* FirebaseMLModelDownloader */ = {
			isa = XCSwiftPackageProductDependency;
			package = F1DD95462ABB2284008349D3 /* XCRemoteSwiftPackageReference "firebase-ios-sdk" */;
			productName = FirebaseMLModelDownloader;
		};
		F1DD95712ABB2284008349D3 /* FirebaseMessaging */ = {
			isa = XCSwiftPackageProductDependency;
			package = F1DD95462ABB2284008349D3 /* XCRemoteSwiftPackageReference "firebase-ios-sdk" */;
			productName = FirebaseMessaging;
		};
		F1DD95732ABB2284008349D3 /* FirebasePerformance */ = {
			isa = XCSwiftPackageProductDependency;
			package = F1DD95462ABB2284008349D3 /* XCRemoteSwiftPackageReference "firebase-ios-sdk" */;
			productName = FirebasePerformance;
		};
		F1DD95752ABB2284008349D3 /* FirebaseRemoteConfig */ = {
			isa = XCSwiftPackageProductDependency;
			package = F1DD95462ABB2284008349D3 /* XCRemoteSwiftPackageReference "firebase-ios-sdk" */;
			productName = FirebaseRemoteConfig;
		};
		F1DD95772ABB2284008349D3 /* FirebaseRemoteConfigSwift */ = {
			isa = XCSwiftPackageProductDependency;
			package = F1DD95462ABB2284008349D3 /* XCRemoteSwiftPackageReference "firebase-ios-sdk" */;
			productName = FirebaseRemoteConfigSwift;
		};
		F1DD95792ABB2284008349D3 /* FirebaseStorage */ = {
			isa = XCSwiftPackageProductDependency;
			package = F1DD95462ABB2284008349D3 /* XCRemoteSwiftPackageReference "firebase-ios-sdk" */;
			productName = FirebaseStorage;
		};
		F1DD957B2ABB2284008349D3 /* FirebaseStorageCombine-Community */ = {
			isa = XCSwiftPackageProductDependency;
			package = F1DD95462ABB2284008349D3 /* XCRemoteSwiftPackageReference "firebase-ios-sdk" */;
			productName = "FirebaseStorageCombine-Community";
		};
/* End XCSwiftPackageProductDependency section */
	};
	rootObject = F14B55C82A6A60750001834B /* Project object */;
}
